
Microsoft Visual Studio Solution File, Format Version 12.00
# Visual Studio Version 17
VisualStudioVersion = 17.10.34916.146
MinimumVisualStudioVersion = 10.0.40219.1
Project("{FAE04EC0-301F-11D3-BF4B-00C04F79EFBC}") = "API", "E-CommerceAPI\API.csproj", "{3083FA17-B14F-47B4-B86C-7E827D745032}"
EndProject
Project("{FAE04EC0-301F-11D3-BF4B-00C04F79EFBC}") = "Core", "Core\Core.csproj", "{A9FB9957-1652-4FDA-95FF-FC9EC8686B42}"
EndProject
Project("{FAE04EC0-301F-11D3-BF4B-00C04F79EFBC}") = "InfraStructure", "InfraStructure\InfraStructure.csproj", "{0CA9E4E0-E13A-458F-8CD7-C9FF965CED33}"
EndProject
Global
	GlobalSection(SolutionConfigurationPlatforms) = preSolution
		Debug|Any CPU = Debug|Any CPU
		Release|Any CPU = Release|Any CPU
	EndGlobalSection
	GlobalSection(ProjectConfigurationPlatforms) = postSolution
		{3083FA17-B14F-47B4-B86C-7E827D745032}.Debug|Any CPU.ActiveCfg = Debug|Any CPU
		{3083FA17-B14F-47B4-B86C-7E827D745032}.Debug|Any CPU.Build.0 = Debug|Any CPU
		{3083FA17-B14F-47B4-B86C-7E827D745032}.Release|Any CPU.ActiveCfg = Release|Any CPU
		{3083FA17-B14F-47B4-B86C-7E827D745032}.Release|Any CPU.Build.0 = Release|Any CPU
		{A9FB9957-1652-4FDA-95FF-FC9EC8686B42}.Debug|Any CPU.ActiveCfg = Debug|Any CPU
		{A9FB9957-1652-4FDA-95FF-FC9EC8686B42}.Debug|Any CPU.Build.0 = Debug|Any CPU
		{A9FB9957-1652-4FDA-95FF-FC9EC8686B42}.Release|Any CPU.ActiveCfg = Release|Any CPU
		{A9FB9957-1652-4FDA-95FF-FC9EC8686B42}.Release|Any CPU.Build.0 = Release|Any CPU
		{0CA9E4E0-E13A-458F-8CD7-C9FF965CED33}.Debug|Any CPU.ActiveCfg = Debug|Any CPU
		{0CA9E4E0-E13A-458F-8CD7-C9FF965CED33}.Debug|Any CPU.Build.0 = Debug|Any CPU
		{0CA9E4E0-E13A-458F-8CD7-C9FF965CED33}.Release|Any CPU.ActiveCfg = Release|Any CPU
		{0CA9E4E0-E13A-458F-8CD7-C9FF965CED33}.Release|Any CPU.Build.0 = Release|Any CPU
	EndGlobalSection
	GlobalSection(SolutionProperties) = preSolution
		HideSolutionNode = FALSE
	EndGlobalSection
	GlobalSection(ExtensibilityGlobals) = postSolution
		SolutionGuid = {0FD47DEA-F8D9-4F1D-971D-70F5E8378645}
	EndGlobalSection
EndGlobal
